PODS:
  - audioplayers_darwin (0.0.1):
    - Flutter
  - Flutter (1.0.0)
  - flutter_tts (0.0.1):
    - Flutter
  - path_provider_foundation (0.0.1):
    - Flutter
    - FlutterMacOS
  - TensorFlowLiteC (2.5.0):
    - TensorFlowLiteC/Core (= 2.5.0)
  - TensorFlowLiteC/Core (2.5.0)
  - TensorFlowLiteSelectTfOps (2.5.0)
  - TensorFlowLiteSwift (2.5.0):
    - TensorFlowLiteSwift/Core (= 2.5.0)
  - TensorFlowLiteSwift/Core (2.5.0):
    - TensorFlowLiteC (= 2.5.0)
  - tflite_flutter (0.1.0):
    - Flutter

DEPENDENCIES:
  - audioplayers_darwin (from `.symlinks/plugins/audioplayers_darwin/ios`)
  - Flutter (from `Flutter`)
  - flutter_tts (from `.symlinks/plugins/flutter_tts/ios`)
  - path_provider_foundation (from `.symlinks/plugins/path_provider_foundation/ios`)
  - TensorFlowLiteC (~> 2.5.0)
  - TensorFlowLiteSelectTfOps (~> 2.5.0)
  - TensorFlowLiteSwift (~> 2.5.0)
  - tflite_flutter (from `.symlinks/plugins/tflite_flutter/ios`)

SPEC REPOS:
  trunk:
    - TensorFlowLiteC
    - TensorFlowLiteSelectTfOps
    - TensorFlowLiteSwift

EXTERNAL SOURCES:
  audioplayers_darwin:
    :path: ".symlinks/plugins/audioplayers_darwin/ios"
  Flutter:
    :path: Flutter
  flutter_tts:
    :path: ".symlinks/plugins/flutter_tts/ios"
  path_provider_foundation:
    :path: ".symlinks/plugins/path_provider_foundation/ios"
  tflite_flutter:
    :path: ".symlinks/plugins/tflite_flutter/ios"

SPEC CHECKSUMS:
  audioplayers_darwin: 877d9a4d06331c5c374595e46e16453ac7eafa40
  Flutter: f04841e97a9d0b0a8025694d0796dd46242b2854
  flutter_tts: 0f492aab6accf87059b72354fcb4ba934304771d
  path_provider_foundation: c68054786f1b4f3343858c1e1d0caaded73f0be9
  TensorFlowLiteC: 9115580176f050caa70fea478dba3d5a75c612a4
  TensorFlowLiteSelectTfOps: 8dad8028b2179eb80139763644ba78dc30909654
  TensorFlowLiteSwift: 50063271b9ba99202c4d96a969a518eee2b5807e
  tflite_flutter: 9157a660578930a99728974f247369af1c3595d5

PODFILE CHECKSUM: bbe4abb7b3c232dba7a74b724b40bc733b1ae097

COCOAPODS: 1.11.3
